
Microsoft Visual Studio Solution File, Format Version 12.00
# Visual Studio Version 16
VisualStudioVersion = 16.0.30907.101
MinimumVisualStudioVersion = 10.0.40219.1
Project("{FAE04EC0-301F-11D3-BF4B-00C04F79EFBC}") = "TestWebApiWithDocker", "TestWebApiWithDocker\TestWebApiWithDocker.csproj", "{869208D9-1A67-4D74-9F79-CAE49862F2CC}"
EndProject
Global
	GlobalSection(SolutionConfigurationPlatforms) = preSolution
		Debug|Any CPU = Debug|Any CPU
		Release|Any CPU = Release|Any CPU
	EndGlobalSection
	GlobalSection(ProjectConfigurationPlatforms) = postSolution
		{869208D9-1A67-4D74-9F79-CAE49862F2CC}.Debug|Any CPU.ActiveCfg = Debug|Any CPU
		{869208D9-1A67-4D74-9F79-CAE49862F2CC}.Debug|Any CPU.Build.0 = Debug|Any CPU
		{869208D9-1A67-4D74-9F79-CAE49862F2CC}.Release|Any CPU.ActiveCfg = Release|Any CPU
		{869208D9-1A67-4D74-9F79-CAE49862F2CC}.Release|Any CPU.Build.0 = Release|Any CPU
	EndGlobalSection
	GlobalSection(SolutionProperties) = preSolution
		HideSolutionNode = FALSE
	EndGlobalSection
	GlobalSection(ExtensibilityGlobals) = postSolution
		SolutionGuid = {7A3B9676-FF5E-4C45-B2E5-43B70DCD5239}
	EndGlobalSection
EndGlobal
